
Microsoft Visual Studio Solution File, Format Version 12.00
# Visual Studio 14
VisualStudioVersion = 14.0.25123.0
MinimumVisualStudioVersion = 10.0.40219.1
Project("{8BC9CEB8-8B4A-11D0-8D11-00A0C91BC942}") = "Day0", "Tutorials\30DaysOfCode\Day0\Day0.vcxproj", "{021B04D5-F2FC-4EC2-855D-79F02456E3B8}"
EndProject
Project("{2150E333-8FDC-42A3-9474-1A3956D46DE8}") = "Tutorials", "Tutorials", "{BBEB3BC2-62D8-4BE2-8E39-6766FAB457BB}"
EndProject
Project("{2150E333-8FDC-42A3-9474-1A3956D46DE8}") = "30DaysOfCode", "30DaysOfCode", "{0995CA16-B266-429F-B178-EEBD3C3E56DD}"
EndProject
Project("{2150E333-8FDC-42A3-9474-1A3956D46DE8}") = "Algorithms", "Algorithms", "{7278AE2F-F1B6-497D-9412-6BB620324076}"
EndProject
Project("{2150E333-8FDC-42A3-9474-1A3956D46DE8}") = "Strings", "Strings", "{5D07C7C8-489F-4318-AA78-47E1C141BA53}"
EndProject
Project("{8BC9CEB8-8B4A-11D0-8D11-00A0C91BC942}") = "the_love_letter_mystery", "Algorithms\Strings\the_love_letter_mystery\the_love_letter_mystery.vcxproj", "{73B60470-D771-4D84-8375-3FE333DA3B81}"
EndProject
Project("{8BC9CEB8-8B4A-11D0-8D11-00A0C91BC942}") = "anagram", "Algorithms\Strings\anagram\anagram.vcxproj", "{03F30BA2-39E2-4DAC-ACB2-C3A775F2B871}"
EndProject
Project("{2150E333-8FDC-42A3-9474-1A3956D46DE8}") = "C++", "C++", "{329F10C0-67AB-4137-AE8D-5F7C3ADDD259}"
EndProject
Project("{2150E333-8FDC-42A3-9474-1A3956D46DE8}") = "STL", "STL", "{6000DACE-475E-4FA3-A66F-799853A37D6E}"
EndProject
Project("{8BC9CEB8-8B4A-11D0-8D11-00A0C91BC942}") = "vector_sort", "C++\STL\vector_sort\vector_sort.vcxproj", "{91BC2961-68D9-4A3D-83F5-7E5424BDE4B1}"
EndProject
Project("{8BC9CEB8-8B4A-11D0-8D11-00A0C91BC942}") = "vector_erase", "C++\STL\vector_erase\vector_erase.vcxproj", "{DB4E3BE6-E9CB-48F7-827E-878B5C67A605}"
EndProject
Global
	GlobalSection(SolutionConfigurationPlatforms) = preSolution
		Debug|x64 = Debug|x64
		Debug|x86 = Debug|x86
		Release|x64 = Release|x64
		Release|x86 = Release|x86
	EndGlobalSection
	GlobalSection(ProjectConfigurationPlatforms) = postSolution
		{021B04D5-F2FC-4EC2-855D-79F02456E3B8}.Debug|x64.ActiveCfg = Debug|x64
		{021B04D5-F2FC-4EC2-855D-79F02456E3B8}.Debug|x64.Build.0 = Debug|x64
		{021B04D5-F2FC-4EC2-855D-79F02456E3B8}.Debug|x86.ActiveCfg = Debug|Win32
		{021B04D5-F2FC-4EC2-855D-79F02456E3B8}.Debug|x86.Build.0 = Debug|Win32
		{021B04D5-F2FC-4EC2-855D-79F02456E3B8}.Release|x64.ActiveCfg = Release|x64
		{021B04D5-F2FC-4EC2-855D-79F02456E3B8}.Release|x64.Build.0 = Release|x64
		{021B04D5-F2FC-4EC2-855D-79F02456E3B8}.Release|x86.ActiveCfg = Release|Win32
		{021B04D5-F2FC-4EC2-855D-79F02456E3B8}.Release|x86.Build.0 = Release|Win32
		{73B60470-D771-4D84-8375-3FE333DA3B81}.Debug|x64.ActiveCfg = Debug|x64
		{73B60470-D771-4D84-8375-3FE333DA3B81}.Debug|x64.Build.0 = Debug|x64
		{73B60470-D771-4D84-8375-3FE333DA3B81}.Debug|x86.ActiveCfg = Debug|Win32
		{73B60470-D771-4D84-8375-3FE333DA3B81}.Debug|x86.Build.0 = Debug|Win32
		{73B60470-D771-4D84-8375-3FE333DA3B81}.Release|x64.ActiveCfg = Release|x64
		{73B60470-D771-4D84-8375-3FE333DA3B81}.Release|x64.Build.0 = Release|x64
		{73B60470-D771-4D84-8375-3FE333DA3B81}.Release|x86.ActiveCfg = Release|Win32
		{73B60470-D771-4D84-8375-3FE333DA3B81}.Release|x86.Build.0 = Release|Win32
		{03F30BA2-39E2-4DAC-ACB2-C3A775F2B871}.Debug|x64.ActiveCfg = Debug|x64
		{03F30BA2-39E2-4DAC-ACB2-C3A775F2B871}.Debug|x64.Build.0 = Debug|x64
		{03F30BA2-39E2-4DAC-ACB2-C3A775F2B871}.Debug|x86.ActiveCfg = Debug|Win32
		{03F30BA2-39E2-4DAC-ACB2-C3A775F2B871}.Debug|x86.Build.0 = Debug|Win32
		{03F30BA2-39E2-4DAC-ACB2-C3A775F2B871}.Release|x64.ActiveCfg = Release|x64
		{03F30BA2-39E2-4DAC-ACB2-C3A775F2B871}.Release|x64.Build.0 = Release|x64
		{03F30BA2-39E2-4DAC-ACB2-C3A775F2B871}.Release|x86.ActiveCfg = Release|Win32
		{03F30BA2-39E2-4DAC-ACB2-C3A775F2B871}.Release|x86.Build.0 = Release|Win32
		{91BC2961-68D9-4A3D-83F5-7E5424BDE4B1}.Debug|x64.ActiveCfg = Debug|x64
		{91BC2961-68D9-4A3D-83F5-7E5424BDE4B1}.Debug|x64.Build.0 = Debug|x64
		{91BC2961-68D9-4A3D-83F5-7E5424BDE4B1}.Debug|x86.ActiveCfg = Debug|Win32
		{91BC2961-68D9-4A3D-83F5-7E5424BDE4B1}.Debug|x86.Build.0 = Debug|Win32
		{91BC2961-68D9-4A3D-83F5-7E5424BDE4B1}.Release|x64.ActiveCfg = Release|x64
		{91BC2961-68D9-4A3D-83F5-7E5424BDE4B1}.Release|x64.Build.0 = Release|x64
		{91BC2961-68D9-4A3D-83F5-7E5424BDE4B1}.Release|x86.ActiveCfg = Release|Win32
		{91BC2961-68D9-4A3D-83F5-7E5424BDE4B1}.Release|x86.Build.0 = Release|Win32
		{DB4E3BE6-E9CB-48F7-827E-878B5C67A605}.Debug|x64.ActiveCfg = Debug|x64
		{DB4E3BE6-E9CB-48F7-827E-878B5C67A605}.Debug|x64.Build.0 = Debug|x64
		{DB4E3BE6-E9CB-48F7-827E-878B5C67A605}.Debug|x86.ActiveCfg = Debug|Win32
		{DB4E3BE6-E9CB-48F7-827E-878B5C67A605}.Debug|x86.Build.0 = Debug|Win32
		{DB4E3BE6-E9CB-48F7-827E-878B5C67A605}.Release|x64.ActiveCfg = Release|x64
		{DB4E3BE6-E9CB-48F7-827E-878B5C67A605}.Release|x64.Build.0 = Release|x64
		{DB4E3BE6-E9CB-48F7-827E-878B5C67A605}.Release|x86.ActiveCfg = Release|Win32
		{DB4E3BE6-E9CB-48F7-827E-878B5C67A605}.Release|x86.Build.0 = Release|Win32
	EndGlobalSection
	GlobalSection(SolutionProperties) = preSolution
		HideSolutionNode = FALSE
	EndGlobalSection
	GlobalSection(NestedProjects) = preSolution
		{021B04D5-F2FC-4EC2-855D-79F02456E3B8} = {0995CA16-B266-429F-B178-EEBD3C3E56DD}
		{0995CA16-B266-429F-B178-EEBD3C3E56DD} = {BBEB3BC2-62D8-4BE2-8E39-6766FAB457BB}
		{5D07C7C8-489F-4318-AA78-47E1C141BA53} = {7278AE2F-F1B6-497D-9412-6BB620324076}
		{73B60470-D771-4D84-8375-3FE333DA3B81} = {5D07C7C8-489F-4318-AA78-47E1C141BA53}
		{03F30BA2-39E2-4DAC-ACB2-C3A775F2B871} = {5D07C7C8-489F-4318-AA78-47E1C141BA53}
		{6000DACE-475E-4FA3-A66F-799853A37D6E} = {329F10C0-67AB-4137-AE8D-5F7C3ADDD259}
		{91BC2961-68D9-4A3D-83F5-7E5424BDE4B1} = {6000DACE-475E-4FA3-A66F-799853A37D6E}
		{DB4E3BE6-E9CB-48F7-827E-878B5C67A605} = {6000DACE-475E-4FA3-A66F-799853A37D6E}
	EndGlobalSection
EndGlobal
