
Microsoft Visual Studio Solution File, Format Version 12.00
# Visual Studio 14
VisualStudioVersion = 14.0.25123.0
MinimumVisualStudioVersion = 10.0.40219.1
Project("{8BC9CEB8-8B4A-11D0-8D11-00A0C91BC942}") = "Day0", "Tutorials\30DaysOfCode\Day0\Day0.vcxproj", "{021B04D5-F2FC-4EC2-855D-79F02456E3B8}"
EndProject
Project("{2150E333-8FDC-42A3-9474-1A3956D46DE8}") = "Tutorials", "Tutorials", "{BBEB3BC2-62D8-4BE2-8E39-6766FAB457BB}"
EndProject
Project("{2150E333-8FDC-42A3-9474-1A3956D46DE8}") = "30DaysOfCode", "30DaysOfCode", "{0995CA16-B266-429F-B178-EEBD3C3E56DD}"
EndProject
Project("{2150E333-8FDC-42A3-9474-1A3956D46DE8}") = "Algorithms", "Algorithms", "{7278AE2F-F1B6-497D-9412-6BB620324076}"
EndProject
Project("{2150E333-8FDC-42A3-9474-1A3956D46DE8}") = "Strings", "Strings", "{5D07C7C8-489F-4318-AA78-47E1C141BA53}"
EndProject
Project("{8BC9CEB8-8B4A-11D0-8D11-00A0C91BC942}") = "the_love_letter_mystery", "Algorithms\Strings\the_love_letter_mystery\the_love_letter_mystery.vcxproj", "{73B60470-D771-4D84-8375-3FE333DA3B81}"
EndProject
Project("{8BC9CEB8-8B4A-11D0-8D11-00A0C91BC942}") = "anagram", "Algorithms\Strings\anagram\anagram.vcxproj", "{03F30BA2-39E2-4DAC-ACB2-C3A775F2B871}"
EndProject
Project("{2150E333-8FDC-42A3-9474-1A3956D46DE8}") = "C++", "C++", "{329F10C0-67AB-4137-AE8D-5F7C3ADDD259}"
EndProject
Project("{2150E333-8FDC-42A3-9474-1A3956D46DE8}") = "STL", "STL", "{6000DACE-475E-4FA3-A66F-799853A37D6E}"
EndProject
Project("{8BC9CEB8-8B4A-11D0-8D11-00A0C91BC942}") = "vector_sort", "C++\STL\vector_sort\vector_sort.vcxproj", "{91BC2961-68D9-4A3D-83F5-7E5424BDE4B1}"
EndProject
Project("{8BC9CEB8-8B4A-11D0-8D11-00A0C91BC942}") = "vector_erase", "C++\STL\vector_erase\vector_erase.vcxproj", "{DB4E3BE6-E9CB-48F7-827E-878B5C67A605}"
EndProject
Project("{8BC9CEB8-8B4A-11D0-8D11-00A0C91BC942}") = "Day1", "Tutorials\30DaysOfCode\Day1\Day1.vcxproj", "{B3CC605A-F1F5-4D63-BEAF-36D3326505F4}"
EndProject
Project("{8BC9CEB8-8B4A-11D0-8D11-00A0C91BC942}") = "Day2", "Tutorials\30DaysOfCode\Day2\Day2.vcxproj", "{1B331159-E3E3-415F-B0BC-C761817A9516}"
EndProject
Project("{8BC9CEB8-8B4A-11D0-8D11-00A0C91BC942}") = "Day3", "Tutorials\30DaysOfCode\Day3\Day3.vcxproj", "{F986B2B1-586C-4594-A434-B4C4454C0FEE}"
EndProject
Project("{8BC9CEB8-8B4A-11D0-8D11-00A0C91BC942}") = "Day4", "Tutorials\30DaysOfCode\Day4\Day4.vcxproj", "{995EF4A4-7B82-41CD-B5BD-771FB3DB4B44}"
EndProject
Project("{8BC9CEB8-8B4A-11D0-8D11-00A0C91BC942}") = "Day5", "Tutorials\30DaysOfCode\Day5\Day5.vcxproj", "{82F47CB0-7298-487E-BACB-B237EFB1ED0A}"
EndProject
Project("{8BC9CEB8-8B4A-11D0-8D11-00A0C91BC942}") = "Day6", "Tutorials\30DaysOfCode\Day6\Day6.vcxproj", "{779CD6A2-8BE5-4F3E-B57A-1247BDA1AD06}"
EndProject
Global
	GlobalSection(SolutionConfigurationPlatforms) = preSolution
		Debug|x64 = Debug|x64
		Debug|x86 = Debug|x86
		Release|x64 = Release|x64
		Release|x86 = Release|x86
	EndGlobalSection
	GlobalSection(ProjectConfigurationPlatforms) = postSolution
		{021B04D5-F2FC-4EC2-855D-79F02456E3B8}.Debug|x64.ActiveCfg = Debug|x64
		{021B04D5-F2FC-4EC2-855D-79F02456E3B8}.Debug|x64.Build.0 = Debug|x64
		{021B04D5-F2FC-4EC2-855D-79F02456E3B8}.Debug|x86.ActiveCfg = Debug|Win32
		{021B04D5-F2FC-4EC2-855D-79F02456E3B8}.Debug|x86.Build.0 = Debug|Win32
		{021B04D5-F2FC-4EC2-855D-79F02456E3B8}.Release|x64.ActiveCfg = Release|x64
		{021B04D5-F2FC-4EC2-855D-79F02456E3B8}.Release|x64.Build.0 = Release|x64
		{021B04D5-F2FC-4EC2-855D-79F02456E3B8}.Release|x86.ActiveCfg = Release|Win32
		{021B04D5-F2FC-4EC2-855D-79F02456E3B8}.Release|x86.Build.0 = Release|Win32
		{73B60470-D771-4D84-8375-3FE333DA3B81}.Debug|x64.ActiveCfg = Debug|x64
		{73B60470-D771-4D84-8375-3FE333DA3B81}.Debug|x64.Build.0 = Debug|x64
		{73B60470-D771-4D84-8375-3FE333DA3B81}.Debug|x86.ActiveCfg = Debug|Win32
		{73B60470-D771-4D84-8375-3FE333DA3B81}.Debug|x86.Build.0 = Debug|Win32
		{73B60470-D771-4D84-8375-3FE333DA3B81}.Release|x64.ActiveCfg = Release|x64
		{73B60470-D771-4D84-8375-3FE333DA3B81}.Release|x64.Build.0 = Release|x64
		{73B60470-D771-4D84-8375-3FE333DA3B81}.Release|x86.ActiveCfg = Release|Win32
		{73B60470-D771-4D84-8375-3FE333DA3B81}.Release|x86.Build.0 = Release|Win32
		{03F30BA2-39E2-4DAC-ACB2-C3A775F2B871}.Debug|x64.ActiveCfg = Debug|x64
		{03F30BA2-39E2-4DAC-ACB2-C3A775F2B871}.Debug|x64.Build.0 = Debug|x64
		{03F30BA2-39E2-4DAC-ACB2-C3A775F2B871}.Debug|x86.ActiveCfg = Debug|Win32
		{03F30BA2-39E2-4DAC-ACB2-C3A775F2B871}.Debug|x86.Build.0 = Debug|Win32
		{03F30BA2-39E2-4DAC-ACB2-C3A775F2B871}.Release|x64.ActiveCfg = Release|x64
		{03F30BA2-39E2-4DAC-ACB2-C3A775F2B871}.Release|x64.Build.0 = Release|x64
		{03F30BA2-39E2-4DAC-ACB2-C3A775F2B871}.Release|x86.ActiveCfg = Release|Win32
		{03F30BA2-39E2-4DAC-ACB2-C3A775F2B871}.Release|x86.Build.0 = Release|Win32
		{91BC2961-68D9-4A3D-83F5-7E5424BDE4B1}.Debug|x64.ActiveCfg = Debug|x64
		{91BC2961-68D9-4A3D-83F5-7E5424BDE4B1}.Debug|x64.Build.0 = Debug|x64
		{91BC2961-68D9-4A3D-83F5-7E5424BDE4B1}.Debug|x86.ActiveCfg = Debug|Win32
		{91BC2961-68D9-4A3D-83F5-7E5424BDE4B1}.Debug|x86.Build.0 = Debug|Win32
		{91BC2961-68D9-4A3D-83F5-7E5424BDE4B1}.Release|x64.ActiveCfg = Release|x64
		{91BC2961-68D9-4A3D-83F5-7E5424BDE4B1}.Release|x64.Build.0 = Release|x64
		{91BC2961-68D9-4A3D-83F5-7E5424BDE4B1}.Release|x86.ActiveCfg = Release|Win32
		{91BC2961-68D9-4A3D-83F5-7E5424BDE4B1}.Release|x86.Build.0 = Release|Win32
		{DB4E3BE6-E9CB-48F7-827E-878B5C67A605}.Debug|x64.ActiveCfg = Debug|x64
		{DB4E3BE6-E9CB-48F7-827E-878B5C67A605}.Debug|x64.Build.0 = Debug|x64
		{DB4E3BE6-E9CB-48F7-827E-878B5C67A605}.Debug|x86.ActiveCfg = Debug|Win32
		{DB4E3BE6-E9CB-48F7-827E-878B5C67A605}.Debug|x86.Build.0 = Debug|Win32
		{DB4E3BE6-E9CB-48F7-827E-878B5C67A605}.Release|x64.ActiveCfg = Release|x64
		{DB4E3BE6-E9CB-48F7-827E-878B5C67A605}.Release|x64.Build.0 = Release|x64
		{DB4E3BE6-E9CB-48F7-827E-878B5C67A605}.Release|x86.ActiveCfg = Release|Win32
		{DB4E3BE6-E9CB-48F7-827E-878B5C67A605}.Release|x86.Build.0 = Release|Win32
		{B3CC605A-F1F5-4D63-BEAF-36D3326505F4}.Debug|x64.ActiveCfg = Debug|x64
		{B3CC605A-F1F5-4D63-BEAF-36D3326505F4}.Debug|x64.Build.0 = Debug|x64
		{B3CC605A-F1F5-4D63-BEAF-36D3326505F4}.Debug|x86.ActiveCfg = Debug|Win32
		{B3CC605A-F1F5-4D63-BEAF-36D3326505F4}.Debug|x86.Build.0 = Debug|Win32
		{B3CC605A-F1F5-4D63-BEAF-36D3326505F4}.Release|x64.ActiveCfg = Release|x64
		{B3CC605A-F1F5-4D63-BEAF-36D3326505F4}.Release|x64.Build.0 = Release|x64
		{B3CC605A-F1F5-4D63-BEAF-36D3326505F4}.Release|x86.ActiveCfg = Release|Win32
		{B3CC605A-F1F5-4D63-BEAF-36D3326505F4}.Release|x86.Build.0 = Release|Win32
		{1B331159-E3E3-415F-B0BC-C761817A9516}.Debug|x64.ActiveCfg = Debug|x64
		{1B331159-E3E3-415F-B0BC-C761817A9516}.Debug|x64.Build.0 = Debug|x64
		{1B331159-E3E3-415F-B0BC-C761817A9516}.Debug|x86.ActiveCfg = Debug|Win32
		{1B331159-E3E3-415F-B0BC-C761817A9516}.Debug|x86.Build.0 = Debug|Win32
		{1B331159-E3E3-415F-B0BC-C761817A9516}.Release|x64.ActiveCfg = Release|x64
		{1B331159-E3E3-415F-B0BC-C761817A9516}.Release|x64.Build.0 = Release|x64
		{1B331159-E3E3-415F-B0BC-C761817A9516}.Release|x86.ActiveCfg = Release|Win32
		{1B331159-E3E3-415F-B0BC-C761817A9516}.Release|x86.Build.0 = Release|Win32
		{F986B2B1-586C-4594-A434-B4C4454C0FEE}.Debug|x64.ActiveCfg = Debug|x64
		{F986B2B1-586C-4594-A434-B4C4454C0FEE}.Debug|x64.Build.0 = Debug|x64
		{F986B2B1-586C-4594-A434-B4C4454C0FEE}.Debug|x86.ActiveCfg = Debug|Win32
		{F986B2B1-586C-4594-A434-B4C4454C0FEE}.Debug|x86.Build.0 = Debug|Win32
		{F986B2B1-586C-4594-A434-B4C4454C0FEE}.Release|x64.ActiveCfg = Release|x64
		{F986B2B1-586C-4594-A434-B4C4454C0FEE}.Release|x64.Build.0 = Release|x64
		{F986B2B1-586C-4594-A434-B4C4454C0FEE}.Release|x86.ActiveCfg = Release|Win32
		{F986B2B1-586C-4594-A434-B4C4454C0FEE}.Release|x86.Build.0 = Release|Win32
		{995EF4A4-7B82-41CD-B5BD-771FB3DB4B44}.Debug|x64.ActiveCfg = Debug|x64
		{995EF4A4-7B82-41CD-B5BD-771FB3DB4B44}.Debug|x64.Build.0 = Debug|x64
		{995EF4A4-7B82-41CD-B5BD-771FB3DB4B44}.Debug|x86.ActiveCfg = Debug|Win32
		{995EF4A4-7B82-41CD-B5BD-771FB3DB4B44}.Debug|x86.Build.0 = Debug|Win32
		{995EF4A4-7B82-41CD-B5BD-771FB3DB4B44}.Release|x64.ActiveCfg = Release|x64
		{995EF4A4-7B82-41CD-B5BD-771FB3DB4B44}.Release|x64.Build.0 = Release|x64
		{995EF4A4-7B82-41CD-B5BD-771FB3DB4B44}.Release|x86.ActiveCfg = Release|Win32
		{995EF4A4-7B82-41CD-B5BD-771FB3DB4B44}.Release|x86.Build.0 = Release|Win32
		{82F47CB0-7298-487E-BACB-B237EFB1ED0A}.Debug|x64.ActiveCfg = Debug|x64
		{82F47CB0-7298-487E-BACB-B237EFB1ED0A}.Debug|x64.Build.0 = Debug|x64
		{82F47CB0-7298-487E-BACB-B237EFB1ED0A}.Debug|x86.ActiveCfg = Debug|Win32
		{82F47CB0-7298-487E-BACB-B237EFB1ED0A}.Debug|x86.Build.0 = Debug|Win32
		{82F47CB0-7298-487E-BACB-B237EFB1ED0A}.Release|x64.ActiveCfg = Release|x64
		{82F47CB0-7298-487E-BACB-B237EFB1ED0A}.Release|x64.Build.0 = Release|x64
		{82F47CB0-7298-487E-BACB-B237EFB1ED0A}.Release|x86.ActiveCfg = Release|Win32
		{82F47CB0-7298-487E-BACB-B237EFB1ED0A}.Release|x86.Build.0 = Release|Win32
		{779CD6A2-8BE5-4F3E-B57A-1247BDA1AD06}.Debug|x64.ActiveCfg = Debug|x64
		{779CD6A2-8BE5-4F3E-B57A-1247BDA1AD06}.Debug|x64.Build.0 = Debug|x64
		{779CD6A2-8BE5-4F3E-B57A-1247BDA1AD06}.Debug|x86.ActiveCfg = Debug|Win32
		{779CD6A2-8BE5-4F3E-B57A-1247BDA1AD06}.Debug|x86.Build.0 = Debug|Win32
		{779CD6A2-8BE5-4F3E-B57A-1247BDA1AD06}.Release|x64.ActiveCfg = Release|x64
		{779CD6A2-8BE5-4F3E-B57A-1247BDA1AD06}.Release|x64.Build.0 = Release|x64
		{779CD6A2-8BE5-4F3E-B57A-1247BDA1AD06}.Release|x86.ActiveCfg = Release|Win32
		{779CD6A2-8BE5-4F3E-B57A-1247BDA1AD06}.Release|x86.Build.0 = Release|Win32
	EndGlobalSection
	GlobalSection(SolutionProperties) = preSolution
		HideSolutionNode = FALSE
	EndGlobalSection
	GlobalSection(NestedProjects) = preSolution
		{021B04D5-F2FC-4EC2-855D-79F02456E3B8} = {0995CA16-B266-429F-B178-EEBD3C3E56DD}
		{0995CA16-B266-429F-B178-EEBD3C3E56DD} = {BBEB3BC2-62D8-4BE2-8E39-6766FAB457BB}
		{5D07C7C8-489F-4318-AA78-47E1C141BA53} = {7278AE2F-F1B6-497D-9412-6BB620324076}
		{73B60470-D771-4D84-8375-3FE333DA3B81} = {5D07C7C8-489F-4318-AA78-47E1C141BA53}
		{03F30BA2-39E2-4DAC-ACB2-C3A775F2B871} = {5D07C7C8-489F-4318-AA78-47E1C141BA53}
		{6000DACE-475E-4FA3-A66F-799853A37D6E} = {329F10C0-67AB-4137-AE8D-5F7C3ADDD259}
		{91BC2961-68D9-4A3D-83F5-7E5424BDE4B1} = {6000DACE-475E-4FA3-A66F-799853A37D6E}
		{DB4E3BE6-E9CB-48F7-827E-878B5C67A605} = {6000DACE-475E-4FA3-A66F-799853A37D6E}
		{B3CC605A-F1F5-4D63-BEAF-36D3326505F4} = {0995CA16-B266-429F-B178-EEBD3C3E56DD}
		{1B331159-E3E3-415F-B0BC-C761817A9516} = {0995CA16-B266-429F-B178-EEBD3C3E56DD}
		{F986B2B1-586C-4594-A434-B4C4454C0FEE} = {0995CA16-B266-429F-B178-EEBD3C3E56DD}
		{995EF4A4-7B82-41CD-B5BD-771FB3DB4B44} = {0995CA16-B266-429F-B178-EEBD3C3E56DD}
		{82F47CB0-7298-487E-BACB-B237EFB1ED0A} = {0995CA16-B266-429F-B178-EEBD3C3E56DD}
		{779CD6A2-8BE5-4F3E-B57A-1247BDA1AD06} = {0995CA16-B266-429F-B178-EEBD3C3E56DD}
	EndGlobalSection
EndGlobal
